
Microsoft Visual Studio Solution File, Format Version 12.00
# Visual Studio Version 17
VisualStudioVersion = 17.0.31611.283
MinimumVisualStudioVersion = 10.0.40219.1
Project("{2150E333-8FDC-42A3-9474-1A3956D46DE8}") = "src", "src", "{9AD3CF18-B72E-4FD7-BB4E-A6489FD45B2E}"
EndProject
Project("{FAE04EC0-301F-11D3-BF4B-00C04F79EFBC}") = "DbTool", "src\DbTool\DbTool.csproj", "{1076A95E-70D5-4B3E-B96E-7BBDE4C51C4C}"
EndProject
Global
	GlobalSection(SolutionProperties) = preSolution
		HideSolutionNode = FALSE
	EndGlobalSection
	GlobalSection(ExtensibilityGlobals) = postSolution
		SolutionGuid = {61F7FB11-1E47-470C-91E2-47F8143E1572}
	EndGlobalSection
	GlobalSection(SolutionConfigurationPlatforms) = preSolution
		Debug|Any CPU = Debug|Any CPU
		Debug|x64 = Debug|x64
		Debug|x86 = Debug|x86
		Release|Any CPU = Release|Any CPU
		Release|x64 = Release|x64
		Release|x86 = Release|x86
	EndGlobalSection
	GlobalSection(ProjectConfigurationPlatforms) = postSolution
		{1076A95E-70D5-4B3E-B96E-7BBDE4C51C4C}.Debug|Any CPU.ActiveCfg = Debug|Any CPU
		{1076A95E-70D5-4B3E-B96E-7BBDE4C51C4C}.Debug|Any CPU.Build.0 = Debug|Any CPU
		{1076A95E-70D5-4B3E-B96E-7BBDE4C51C4C}.Debug|x64.ActiveCfg = Debug|Any CPU
		{1076A95E-70D5-4B3E-B96E-7BBDE4C51C4C}.Debug|x64.Build.0 = Debug|Any CPU
		{1076A95E-70D5-4B3E-B96E-7BBDE4C51C4C}.Debug|x86.ActiveCfg = Debug|Any CPU
		{1076A95E-70D5-4B3E-B96E-7BBDE4C51C4C}.Debug|x86.Build.0 = Debug|Any CPU
		{1076A95E-70D5-4B3E-B96E-7BBDE4C51C4C}.Release|Any CPU.ActiveCfg = Release|Any CPU
		{1076A95E-70D5-4B3E-B96E-7BBDE4C51C4C}.Release|Any CPU.Build.0 = Release|Any CPU
		{1076A95E-70D5-4B3E-B96E-7BBDE4C51C4C}.Release|x64.ActiveCfg = Release|Any CPU
		{1076A95E-70D5-4B3E-B96E-7BBDE4C51C4C}.Release|x64.Build.0 = Release|Any CPU
		{1076A95E-70D5-4B3E-B96E-7BBDE4C51C4C}.Release|x86.ActiveCfg = Release|Any CPU
		{1076A95E-70D5-4B3E-B96E-7BBDE4C51C4C}.Release|x86.Build.0 = Release|Any CPU
	EndGlobalSection
	GlobalSection(NestedProjects) = preSolution
		{1076A95E-70D5-4B3E-B96E-7BBDE4C51C4C} = {9AD3CF18-B72E-4FD7-BB4E-A6489FD45B2E}
	EndGlobalSection
EndGlobal
