
Microsoft Visual Studio Solution File, Format Version 12.00
# Visual Studio 15
VisualStudioVersion = 15.0.27130.2036
MinimumVisualStudioVersion = 10.0.40219.1
Project("{2150E333-8FDC-42A3-9474-1A3956D46DE8}") = "Solution Items", "Solution Items", "{38A50AF5-39DF-4B53-B6B9-F2CF05185D25}"
	ProjectSection(SolutionItems) = preProject
		.gitignore = .gitignore
		README.md = README.md
	EndProjectSection
EndProject
Project("{9A19103F-16F7-4668-BE54-9A1E7A4F7556}") = "DbTool.Test", "test\DbTool.Test\DbTool.Test.csproj", "{16F737F6-67AD-4A26-872E-52C90832FD57}"
EndProject
Project("{2150E333-8FDC-42A3-9474-1A3956D46DE8}") = "src", "src", "{38E58C17-0C3E-4E44-8ADE-BBFDB6D08D65}"
EndProject
Project("{2150E333-8FDC-42A3-9474-1A3956D46DE8}") = "test", "test", "{14F70C52-F81C-49AD-A125-271F207968B6}"
EndProject
Project("{9A19103F-16F7-4668-BE54-9A1E7A4F7556}") = "DbTool.Core", "src\DbTool.Core\DbTool.Core.csproj", "{CB230B56-66E1-49DA-9A07-721C7C18CD88}"
EndProject
Project("{9A19103F-16F7-4668-BE54-9A1E7A4F7556}") = "DbTool.MySql", "src\DbTool.MySql\DbTool.MySql.csproj", "{BB22D289-998D-45BB-A415-E76DDFDF0C92}"
EndProject
Project("{9A19103F-16F7-4668-BE54-9A1E7A4F7556}") = "DbTool.SqlServer", "src\DbTool.SqlServer\DbTool.SqlServer.csproj", "{4B4AC43C-A9A7-4CD2-8653-0CD0F2BDBB9B}"
EndProject
Project("{9A19103F-16F7-4668-BE54-9A1E7A4F7556}") = "DbTool", "src\DbTool\DbTool.csproj", "{BE214FBC-047B-4C6A-9FA6-0B33645DAD05}"
EndProject
Global
	GlobalSection(SolutionConfigurationPlatforms) = preSolution
		Debug|Any CPU = Debug|Any CPU
		Debug|ARM = Debug|ARM
		Debug|x64 = Debug|x64
		Debug|x86 = Debug|x86
		Release|Any CPU = Release|Any CPU
		Release|ARM = Release|ARM
		Release|x64 = Release|x64
		Release|x86 = Release|x86
	EndGlobalSection
	GlobalSection(ProjectConfigurationPlatforms) = postSolution
		{16F737F6-67AD-4A26-872E-52C90832FD57}.Debug|Any CPU.ActiveCfg = Debug|Any CPU
		{16F737F6-67AD-4A26-872E-52C90832FD57}.Debug|Any CPU.Build.0 = Debug|Any CPU
		{16F737F6-67AD-4A26-872E-52C90832FD57}.Debug|ARM.ActiveCfg = Debug|Any CPU
		{16F737F6-67AD-4A26-872E-52C90832FD57}.Debug|ARM.Build.0 = Debug|Any CPU
		{16F737F6-67AD-4A26-872E-52C90832FD57}.Debug|x64.ActiveCfg = Debug|Any CPU
		{16F737F6-67AD-4A26-872E-52C90832FD57}.Debug|x64.Build.0 = Debug|Any CPU
		{16F737F6-67AD-4A26-872E-52C90832FD57}.Debug|x86.ActiveCfg = Debug|Any CPU
		{16F737F6-67AD-4A26-872E-52C90832FD57}.Debug|x86.Build.0 = Debug|Any CPU
		{16F737F6-67AD-4A26-872E-52C90832FD57}.Release|Any CPU.ActiveCfg = Release|Any CPU
		{16F737F6-67AD-4A26-872E-52C90832FD57}.Release|Any CPU.Build.0 = Release|Any CPU
		{16F737F6-67AD-4A26-872E-52C90832FD57}.Release|ARM.ActiveCfg = Release|Any CPU
		{16F737F6-67AD-4A26-872E-52C90832FD57}.Release|ARM.Build.0 = Release|Any CPU
		{16F737F6-67AD-4A26-872E-52C90832FD57}.Release|x64.ActiveCfg = Release|Any CPU
		{16F737F6-67AD-4A26-872E-52C90832FD57}.Release|x64.Build.0 = Release|Any CPU
		{16F737F6-67AD-4A26-872E-52C90832FD57}.Release|x86.ActiveCfg = Release|Any CPU
		{16F737F6-67AD-4A26-872E-52C90832FD57}.Release|x86.Build.0 = Release|Any CPU
		{CB230B56-66E1-49DA-9A07-721C7C18CD88}.Debug|Any CPU.ActiveCfg = Debug|Any CPU
		{CB230B56-66E1-49DA-9A07-721C7C18CD88}.Debug|Any CPU.Build.0 = Debug|Any CPU
		{CB230B56-66E1-49DA-9A07-721C7C18CD88}.Debug|ARM.ActiveCfg = Debug|Any CPU
		{CB230B56-66E1-49DA-9A07-721C7C18CD88}.Debug|ARM.Build.0 = Debug|Any CPU
		{CB230B56-66E1-49DA-9A07-721C7C18CD88}.Debug|x64.ActiveCfg = Debug|Any CPU
		{CB230B56-66E1-49DA-9A07-721C7C18CD88}.Debug|x64.Build.0 = Debug|Any CPU
		{CB230B56-66E1-49DA-9A07-721C7C18CD88}.Debug|x86.ActiveCfg = Debug|Any CPU
		{CB230B56-66E1-49DA-9A07-721C7C18CD88}.Debug|x86.Build.0 = Debug|Any CPU
		{CB230B56-66E1-49DA-9A07-721C7C18CD88}.Release|Any CPU.ActiveCfg = Release|Any CPU
		{CB230B56-66E1-49DA-9A07-721C7C18CD88}.Release|Any CPU.Build.0 = Release|Any CPU
		{CB230B56-66E1-49DA-9A07-721C7C18CD88}.Release|ARM.ActiveCfg = Release|Any CPU
		{CB230B56-66E1-49DA-9A07-721C7C18CD88}.Release|ARM.Build.0 = Release|Any CPU
		{CB230B56-66E1-49DA-9A07-721C7C18CD88}.Release|x64.ActiveCfg = Release|Any CPU
		{CB230B56-66E1-49DA-9A07-721C7C18CD88}.Release|x64.Build.0 = Release|Any CPU
		{CB230B56-66E1-49DA-9A07-721C7C18CD88}.Release|x86.ActiveCfg = Release|Any CPU
		{CB230B56-66E1-49DA-9A07-721C7C18CD88}.Release|x86.Build.0 = Release|Any CPU
		{BB22D289-998D-45BB-A415-E76DDFDF0C92}.Debug|Any CPU.ActiveCfg = Debug|Any CPU
		{BB22D289-998D-45BB-A415-E76DDFDF0C92}.Debug|Any CPU.Build.0 = Debug|Any CPU
		{BB22D289-998D-45BB-A415-E76DDFDF0C92}.Debug|ARM.ActiveCfg = Debug|Any CPU
		{BB22D289-998D-45BB-A415-E76DDFDF0C92}.Debug|ARM.Build.0 = Debug|Any CPU
		{BB22D289-998D-45BB-A415-E76DDFDF0C92}.Debug|x64.ActiveCfg = Debug|Any CPU
		{BB22D289-998D-45BB-A415-E76DDFDF0C92}.Debug|x64.Build.0 = Debug|Any CPU
		{BB22D289-998D-45BB-A415-E76DDFDF0C92}.Debug|x86.ActiveCfg = Debug|Any CPU
		{BB22D289-998D-45BB-A415-E76DDFDF0C92}.Debug|x86.Build.0 = Debug|Any CPU
		{BB22D289-998D-45BB-A415-E76DDFDF0C92}.Release|Any CPU.ActiveCfg = Release|Any CPU
		{BB22D289-998D-45BB-A415-E76DDFDF0C92}.Release|Any CPU.Build.0 = Release|Any CPU
		{BB22D289-998D-45BB-A415-E76DDFDF0C92}.Release|ARM.ActiveCfg = Release|Any CPU
		{BB22D289-998D-45BB-A415-E76DDFDF0C92}.Release|ARM.Build.0 = Release|Any CPU
		{BB22D289-998D-45BB-A415-E76DDFDF0C92}.Release|x64.ActiveCfg = Release|Any CPU
		{BB22D289-998D-45BB-A415-E76DDFDF0C92}.Release|x64.Build.0 = Release|Any CPU
		{BB22D289-998D-45BB-A415-E76DDFDF0C92}.Release|x86.ActiveCfg = Release|Any CPU
		{BB22D289-998D-45BB-A415-E76DDFDF0C92}.Release|x86.Build.0 = Release|Any CPU
		{4B4AC43C-A9A7-4CD2-8653-0CD0F2BDBB9B}.Debug|Any CPU.ActiveCfg = Debug|Any CPU
		{4B4AC43C-A9A7-4CD2-8653-0CD0F2BDBB9B}.Debug|Any CPU.Build.0 = Debug|Any CPU
		{4B4AC43C-A9A7-4CD2-8653-0CD0F2BDBB9B}.Debug|ARM.ActiveCfg = Debug|Any CPU
		{4B4AC43C-A9A7-4CD2-8653-0CD0F2BDBB9B}.Debug|ARM.Build.0 = Debug|Any CPU
		{4B4AC43C-A9A7-4CD2-8653-0CD0F2BDBB9B}.Debug|x64.ActiveCfg = Debug|Any CPU
		{4B4AC43C-A9A7-4CD2-8653-0CD0F2BDBB9B}.Debug|x64.Build.0 = Debug|Any CPU
		{4B4AC43C-A9A7-4CD2-8653-0CD0F2BDBB9B}.Debug|x86.ActiveCfg = Debug|Any CPU
		{4B4AC43C-A9A7-4CD2-8653-0CD0F2BDBB9B}.Debug|x86.Build.0 = Debug|Any CPU
		{4B4AC43C-A9A7-4CD2-8653-0CD0F2BDBB9B}.Release|Any CPU.ActiveCfg = Release|Any CPU
		{4B4AC43C-A9A7-4CD2-8653-0CD0F2BDBB9B}.Release|Any CPU.Build.0 = Release|Any CPU
		{4B4AC43C-A9A7-4CD2-8653-0CD0F2BDBB9B}.Release|ARM.ActiveCfg = Release|Any CPU
		{4B4AC43C-A9A7-4CD2-8653-0CD0F2BDBB9B}.Release|ARM.Build.0 = Release|Any CPU
		{4B4AC43C-A9A7-4CD2-8653-0CD0F2BDBB9B}.Release|x64.ActiveCfg = Release|Any CPU
		{4B4AC43C-A9A7-4CD2-8653-0CD0F2BDBB9B}.Release|x64.Build.0 = Release|Any CPU
		{4B4AC43C-A9A7-4CD2-8653-0CD0F2BDBB9B}.Release|x86.ActiveCfg = Release|Any CPU
		{4B4AC43C-A9A7-4CD2-8653-0CD0F2BDBB9B}.Release|x86.Build.0 = Release|Any CPU
		{BE214FBC-047B-4C6A-9FA6-0B33645DAD05}.Debug|Any CPU.ActiveCfg = Debug|Any CPU
		{BE214FBC-047B-4C6A-9FA6-0B33645DAD05}.Debug|Any CPU.Build.0 = Debug|Any CPU
		{BE214FBC-047B-4C6A-9FA6-0B33645DAD05}.Debug|ARM.ActiveCfg = Debug|Any CPU
		{BE214FBC-047B-4C6A-9FA6-0B33645DAD05}.Debug|ARM.Build.0 = Debug|Any CPU
		{BE214FBC-047B-4C6A-9FA6-0B33645DAD05}.Debug|x64.ActiveCfg = Debug|Any CPU
		{BE214FBC-047B-4C6A-9FA6-0B33645DAD05}.Debug|x64.Build.0 = Debug|Any CPU
		{BE214FBC-047B-4C6A-9FA6-0B33645DAD05}.Debug|x86.ActiveCfg = Debug|Any CPU
		{BE214FBC-047B-4C6A-9FA6-0B33645DAD05}.Debug|x86.Build.0 = Debug|Any CPU
		{BE214FBC-047B-4C6A-9FA6-0B33645DAD05}.Release|Any CPU.ActiveCfg = Release|Any CPU
		{BE214FBC-047B-4C6A-9FA6-0B33645DAD05}.Release|Any CPU.Build.0 = Release|Any CPU
		{BE214FBC-047B-4C6A-9FA6-0B33645DAD05}.Release|ARM.ActiveCfg = Release|Any CPU
		{BE214FBC-047B-4C6A-9FA6-0B33645DAD05}.Release|ARM.Build.0 = Release|Any CPU
		{BE214FBC-047B-4C6A-9FA6-0B33645DAD05}.Release|x64.ActiveCfg = Release|Any CPU
		{BE214FBC-047B-4C6A-9FA6-0B33645DAD05}.Release|x64.Build.0 = Release|Any CPU
		{BE214FBC-047B-4C6A-9FA6-0B33645DAD05}.Release|x86.ActiveCfg = Release|Any CPU
		{BE214FBC-047B-4C6A-9FA6-0B33645DAD05}.Release|x86.Build.0 = Release|Any CPU
	EndGlobalSection
	GlobalSection(SolutionProperties) = preSolution
		HideSolutionNode = FALSE
	EndGlobalSection
	GlobalSection(NestedProjects) = preSolution
		{16F737F6-67AD-4A26-872E-52C90832FD57} = {14F70C52-F81C-49AD-A125-271F207968B6}
		{CB230B56-66E1-49DA-9A07-721C7C18CD88} = {38E58C17-0C3E-4E44-8ADE-BBFDB6D08D65}
		{BB22D289-998D-45BB-A415-E76DDFDF0C92} = {38E58C17-0C3E-4E44-8ADE-BBFDB6D08D65}
		{4B4AC43C-A9A7-4CD2-8653-0CD0F2BDBB9B} = {38E58C17-0C3E-4E44-8ADE-BBFDB6D08D65}
		{BE214FBC-047B-4C6A-9FA6-0B33645DAD05} = {38E58C17-0C3E-4E44-8ADE-BBFDB6D08D65}
	EndGlobalSection
	GlobalSection(ExtensibilityGlobals) = postSolution
		SolutionGuid = {BA62B63B-D806-4F28-A365-7FAE5B0E8341}
	EndGlobalSection
EndGlobal
